
Microsoft Visual Studio Solution File, Format Version 12.00
# Visual Studio Version 17
VisualStudioVersion = 17.1.32328.378
MinimumVisualStudioVersion = 10.0.40219.1
Project("{2150E333-8FDC-42A3-9474-1A3956D46DE8}") = "Applications", "Applications", "{A3390518-BC83-4B56-A06D-E02BFE64026B}"
EndProject
Project("{2150E333-8FDC-42A3-9474-1A3956D46DE8}") = "Library", "Library", "{787BDE15-0EB7-49BE-93CD-DB3B75044BFC}"
EndProject
Project("{9A19103F-16F7-4668-BE54-9A1E7A4F7556}") = "PowerSR", "Library\PowerSR\PowerSR.csproj", "{2E64B3A9-0925-4E16-BA56-4C001A1534AF}"
EndProject
Project("{FAE04EC0-301F-11D3-BF4B-00C04F79EFBC}") = "SR Tester", "Applications\SR Tester\SR Tester.csproj", "{F16AB76A-3556-4B42-9EEF-A8CFA92043AB}"
EndProject
Global
	GlobalSection(SolutionConfigurationPlatforms) = preSolution
		Debug|Any CPU = Debug|Any CPU
		Release|Any CPU = Release|Any CPU
	EndGlobalSection
	GlobalSection(ProjectConfigurationPlatforms) = postSolution
		{2E64B3A9-0925-4E16-BA56-4C001A1534AF}.Debug|Any CPU.ActiveCfg = Debug|Any CPU
		{2E64B3A9-0925-4E16-BA56-4C001A1534AF}.Debug|Any CPU.Build.0 = Debug|Any CPU
		{2E64B3A9-0925-4E16-BA56-4C001A1534AF}.Release|Any CPU.ActiveCfg = Release|Any CPU
		{2E64B3A9-0925-4E16-BA56-4C001A1534AF}.Release|Any CPU.Build.0 = Release|Any CPU
		{F16AB76A-3556-4B42-9EEF-A8CFA92043AB}.Debug|Any CPU.ActiveCfg = Debug|Any CPU
		{F16AB76A-3556-4B42-9EEF-A8CFA92043AB}.Debug|Any CPU.Build.0 = Debug|Any CPU
		{F16AB76A-3556-4B42-9EEF-A8CFA92043AB}.Release|Any CPU.ActiveCfg = Release|Any CPU
		{F16AB76A-3556-4B42-9EEF-A8CFA92043AB}.Release|Any CPU.Build.0 = Release|Any CPU
	EndGlobalSection
	GlobalSection(SolutionProperties) = preSolution
		HideSolutionNode = FALSE
	EndGlobalSection
	GlobalSection(NestedProjects) = preSolution
		{2E64B3A9-0925-4E16-BA56-4C001A1534AF} = {787BDE15-0EB7-49BE-93CD-DB3B75044BFC}
		{F16AB76A-3556-4B42-9EEF-A8CFA92043AB} = {A3390518-BC83-4B56-A06D-E02BFE64026B}
	EndGlobalSection
	GlobalSection(ExtensibilityGlobals) = postSolution
		SolutionGuid = {961DBC80-6C3F-4C16-A788-C159F709821E}
	EndGlobalSection
EndGlobal
